
Microsoft Visual Studio Solution File, Format Version 12.00
# Visual Studio 15
VisualStudioVersion = 15.0.26124.0
MinimumVisualStudioVersion = 15.0.26124.0
Project("{2150E333-8FDC-42A3-9474-1A3956D46DE8}") = "Solution Items", "Solution Items", "{08CCFCF6-2248-43ED-A6EF-E972A2DA0E6A}"
	ProjectSection(SolutionItems) = preProject
		paket.dependencies = paket.dependencies
		paket.lock = paket.lock
		package-lock.json = package-lock.json
		package.json = package.json
		webpack.config.js = webpack.config.js
		README.md = README.md
	EndProjectSection
EndProject
Project("{2150E333-8FDC-42A3-9474-1A3956D46DE8}") = "src", "src", "{F84DCF8A-FC1A-4677-AF4D-616AD7DB3470}"
EndProject
Project("{F2A71F9B-5D33-465A-A702-920D77279786}") = "Shared", "src\Shared\Shared.fsproj", "{B743B9A7-78C6-4FEB-ADDD-19B27F542340}"
EndProject
Project("{F2A71F9B-5D33-465A-A702-920D77279786}") = "Server", "src\Server\Server.fsproj", "{B56110F0-2D27-4718-8C80-E7FDE3439A63}"
EndProject
Project("{F2A71F9B-5D33-465A-A702-920D77279786}") = "Client", "src\Client\Client.fsproj", "{8F1A0074-C392-4975-8020-55176D9CB0B5}"
EndProject
Project("{F2A71F9B-5D33-465A-A702-920D77279786}") = "Build", "Build.fsproj", "{C0244434-EC34-4D74-93A9-0E00DEC0C4D1}"
EndProject
Project("{2150E333-8FDC-42A3-9474-1A3956D46DE8}") = "html-css-course", "html-css-course", "{0B766253-22E1-4968-9885-30F04F443F21}"
EndProject
Project("{F2A71F9B-5D33-465A-A702-920D77279786}") = "Html1", "html-css-course\Project1\Html1.fsproj", "{421A995B-E59D-4748-9AA9-4D93F3BD8FC6}"
EndProject
Project("{F2A71F9B-5D33-465A-A702-920D77279786}") = "Html2", "html-css-course\Project2\Html2.fsproj", "{2A1265C0-A354-4E4D-943B-C140EAC3478D}"
EndProject
Project("{2150E333-8FDC-42A3-9474-1A3956D46DE8}") = "react-course", "react-course", "{E68A5866-4407-4797-B9E9-15917760B4E5}"
EndProject
Project("{F2A71F9B-5D33-465A-A702-920D77279786}") = "React1", "react-course\Project1\React1.fsproj", "{27C5E2BB-2336-414C-B0DD-D4C538284A08}"
EndProject
Project("{F2A71F9B-5D33-465A-A702-920D77279786}") = "React2", "react-course\Project2\React2.fsproj", "{1DC574FF-6519-4EED-98AA-8C04B9750B55}"
EndProject
Global
	GlobalSection(SolutionConfigurationPlatforms) = preSolution
		Debug|Any CPU = Debug|Any CPU
		Debug|x64 = Debug|x64
		Debug|x86 = Debug|x86
		Release|Any CPU = Release|Any CPU
		Release|x64 = Release|x64
		Release|x86 = Release|x86
	EndGlobalSection
	GlobalSection(SolutionProperties) = preSolution
		HideSolutionNode = FALSE
	EndGlobalSection
	GlobalSection(ProjectConfigurationPlatforms) = postSolution
		{B743B9A7-78C6-4FEB-ADDD-19B27F542340}.Debug|Any CPU.ActiveCfg = Debug|Any CPU
		{B743B9A7-78C6-4FEB-ADDD-19B27F542340}.Debug|Any CPU.Build.0 = Debug|Any CPU
		{B743B9A7-78C6-4FEB-ADDD-19B27F542340}.Debug|x64.ActiveCfg = Debug|Any CPU
		{B743B9A7-78C6-4FEB-ADDD-19B27F542340}.Debug|x64.Build.0 = Debug|Any CPU
		{B743B9A7-78C6-4FEB-ADDD-19B27F542340}.Debug|x86.ActiveCfg = Debug|Any CPU
		{B743B9A7-78C6-4FEB-ADDD-19B27F542340}.Debug|x86.Build.0 = Debug|Any CPU
		{B743B9A7-78C6-4FEB-ADDD-19B27F542340}.Release|Any CPU.ActiveCfg = Release|Any CPU
		{B743B9A7-78C6-4FEB-ADDD-19B27F542340}.Release|Any CPU.Build.0 = Release|Any CPU
		{B743B9A7-78C6-4FEB-ADDD-19B27F542340}.Release|x64.ActiveCfg = Release|Any CPU
		{B743B9A7-78C6-4FEB-ADDD-19B27F542340}.Release|x64.Build.0 = Release|Any CPU
		{B743B9A7-78C6-4FEB-ADDD-19B27F542340}.Release|x86.ActiveCfg = Release|Any CPU
		{B743B9A7-78C6-4FEB-ADDD-19B27F542340}.Release|x86.Build.0 = Release|Any CPU
		{B56110F0-2D27-4718-8C80-E7FDE3439A63}.Debug|Any CPU.ActiveCfg = Debug|Any CPU
		{B56110F0-2D27-4718-8C80-E7FDE3439A63}.Debug|Any CPU.Build.0 = Debug|Any CPU
		{B56110F0-2D27-4718-8C80-E7FDE3439A63}.Debug|x64.ActiveCfg = Debug|Any CPU
		{B56110F0-2D27-4718-8C80-E7FDE3439A63}.Debug|x64.Build.0 = Debug|Any CPU
		{B56110F0-2D27-4718-8C80-E7FDE3439A63}.Debug|x86.ActiveCfg = Debug|Any CPU
		{B56110F0-2D27-4718-8C80-E7FDE3439A63}.Debug|x86.Build.0 = Debug|Any CPU
		{B56110F0-2D27-4718-8C80-E7FDE3439A63}.Release|Any CPU.ActiveCfg = Release|Any CPU
		{B56110F0-2D27-4718-8C80-E7FDE3439A63}.Release|Any CPU.Build.0 = Release|Any CPU
		{B56110F0-2D27-4718-8C80-E7FDE3439A63}.Release|x64.ActiveCfg = Release|Any CPU
		{B56110F0-2D27-4718-8C80-E7FDE3439A63}.Release|x64.Build.0 = Release|Any CPU
		{B56110F0-2D27-4718-8C80-E7FDE3439A63}.Release|x86.ActiveCfg = Release|Any CPU
		{B56110F0-2D27-4718-8C80-E7FDE3439A63}.Release|x86.Build.0 = Release|Any CPU
		{8F1A0074-C392-4975-8020-55176D9CB0B5}.Debug|Any CPU.ActiveCfg = Debug|Any CPU
		{8F1A0074-C392-4975-8020-55176D9CB0B5}.Debug|Any CPU.Build.0 = Debug|Any CPU
		{8F1A0074-C392-4975-8020-55176D9CB0B5}.Debug|x64.ActiveCfg = Debug|Any CPU
		{8F1A0074-C392-4975-8020-55176D9CB0B5}.Debug|x64.Build.0 = Debug|Any CPU
		{8F1A0074-C392-4975-8020-55176D9CB0B5}.Debug|x86.ActiveCfg = Debug|Any CPU
		{8F1A0074-C392-4975-8020-55176D9CB0B5}.Debug|x86.Build.0 = Debug|Any CPU
		{8F1A0074-C392-4975-8020-55176D9CB0B5}.Release|Any CPU.ActiveCfg = Release|Any CPU
		{8F1A0074-C392-4975-8020-55176D9CB0B5}.Release|Any CPU.Build.0 = Release|Any CPU
		{8F1A0074-C392-4975-8020-55176D9CB0B5}.Release|x64.ActiveCfg = Release|Any CPU
		{8F1A0074-C392-4975-8020-55176D9CB0B5}.Release|x64.Build.0 = Release|Any CPU
		{8F1A0074-C392-4975-8020-55176D9CB0B5}.Release|x86.ActiveCfg = Release|Any CPU
		{8F1A0074-C392-4975-8020-55176D9CB0B5}.Release|x86.Build.0 = Release|Any CPU
		{C0244434-EC34-4D74-93A9-0E00DEC0C4D1}.Debug|Any CPU.ActiveCfg = Debug|Any CPU
		{C0244434-EC34-4D74-93A9-0E00DEC0C4D1}.Debug|Any CPU.Build.0 = Debug|Any CPU
		{C0244434-EC34-4D74-93A9-0E00DEC0C4D1}.Debug|x64.ActiveCfg = Debug|Any CPU
		{C0244434-EC34-4D74-93A9-0E00DEC0C4D1}.Debug|x64.Build.0 = Debug|Any CPU
		{C0244434-EC34-4D74-93A9-0E00DEC0C4D1}.Debug|x86.ActiveCfg = Debug|Any CPU
		{C0244434-EC34-4D74-93A9-0E00DEC0C4D1}.Debug|x86.Build.0 = Debug|Any CPU
		{C0244434-EC34-4D74-93A9-0E00DEC0C4D1}.Release|Any CPU.ActiveCfg = Release|Any CPU
		{C0244434-EC34-4D74-93A9-0E00DEC0C4D1}.Release|Any CPU.Build.0 = Release|Any CPU
		{C0244434-EC34-4D74-93A9-0E00DEC0C4D1}.Release|x64.ActiveCfg = Release|Any CPU
		{C0244434-EC34-4D74-93A9-0E00DEC0C4D1}.Release|x64.Build.0 = Release|Any CPU
		{C0244434-EC34-4D74-93A9-0E00DEC0C4D1}.Release|x86.ActiveCfg = Release|Any CPU
		{C0244434-EC34-4D74-93A9-0E00DEC0C4D1}.Release|x86.Build.0 = Release|Any CPU
		{421A995B-E59D-4748-9AA9-4D93F3BD8FC6}.Debug|Any CPU.ActiveCfg = Debug|Any CPU
		{421A995B-E59D-4748-9AA9-4D93F3BD8FC6}.Debug|Any CPU.Build.0 = Debug|Any CPU
		{421A995B-E59D-4748-9AA9-4D93F3BD8FC6}.Debug|x64.ActiveCfg = Debug|Any CPU
		{421A995B-E59D-4748-9AA9-4D93F3BD8FC6}.Debug|x64.Build.0 = Debug|Any CPU
		{421A995B-E59D-4748-9AA9-4D93F3BD8FC6}.Debug|x86.ActiveCfg = Debug|Any CPU
		{421A995B-E59D-4748-9AA9-4D93F3BD8FC6}.Debug|x86.Build.0 = Debug|Any CPU
		{421A995B-E59D-4748-9AA9-4D93F3BD8FC6}.Release|Any CPU.ActiveCfg = Release|Any CPU
		{421A995B-E59D-4748-9AA9-4D93F3BD8FC6}.Release|Any CPU.Build.0 = Release|Any CPU
		{421A995B-E59D-4748-9AA9-4D93F3BD8FC6}.Release|x64.ActiveCfg = Release|Any CPU
		{421A995B-E59D-4748-9AA9-4D93F3BD8FC6}.Release|x64.Build.0 = Release|Any CPU
		{421A995B-E59D-4748-9AA9-4D93F3BD8FC6}.Release|x86.ActiveCfg = Release|Any CPU
		{421A995B-E59D-4748-9AA9-4D93F3BD8FC6}.Release|x86.Build.0 = Release|Any CPU
		{2A1265C0-A354-4E4D-943B-C140EAC3478D}.Debug|Any CPU.ActiveCfg = Debug|Any CPU
		{2A1265C0-A354-4E4D-943B-C140EAC3478D}.Debug|Any CPU.Build.0 = Debug|Any CPU
		{2A1265C0-A354-4E4D-943B-C140EAC3478D}.Debug|x64.ActiveCfg = Debug|Any CPU
		{2A1265C0-A354-4E4D-943B-C140EAC3478D}.Debug|x64.Build.0 = Debug|Any CPU
		{2A1265C0-A354-4E4D-943B-C140EAC3478D}.Debug|x86.ActiveCfg = Debug|Any CPU
		{2A1265C0-A354-4E4D-943B-C140EAC3478D}.Debug|x86.Build.0 = Debug|Any CPU
		{2A1265C0-A354-4E4D-943B-C140EAC3478D}.Release|Any CPU.ActiveCfg = Release|Any CPU
		{2A1265C0-A354-4E4D-943B-C140EAC3478D}.Release|Any CPU.Build.0 = Release|Any CPU
		{2A1265C0-A354-4E4D-943B-C140EAC3478D}.Release|x64.ActiveCfg = Release|Any CPU
		{2A1265C0-A354-4E4D-943B-C140EAC3478D}.Release|x64.Build.0 = Release|Any CPU
		{2A1265C0-A354-4E4D-943B-C140EAC3478D}.Release|x86.ActiveCfg = Release|Any CPU
		{2A1265C0-A354-4E4D-943B-C140EAC3478D}.Release|x86.Build.0 = Release|Any CPU
		{27C5E2BB-2336-414C-B0DD-D4C538284A08}.Debug|Any CPU.ActiveCfg = Debug|Any CPU
		{27C5E2BB-2336-414C-B0DD-D4C538284A08}.Debug|Any CPU.Build.0 = Debug|Any CPU
		{27C5E2BB-2336-414C-B0DD-D4C538284A08}.Debug|x64.ActiveCfg = Debug|Any CPU
		{27C5E2BB-2336-414C-B0DD-D4C538284A08}.Debug|x64.Build.0 = Debug|Any CPU
		{27C5E2BB-2336-414C-B0DD-D4C538284A08}.Debug|x86.ActiveCfg = Debug|Any CPU
		{27C5E2BB-2336-414C-B0DD-D4C538284A08}.Debug|x86.Build.0 = Debug|Any CPU
		{27C5E2BB-2336-414C-B0DD-D4C538284A08}.Release|Any CPU.ActiveCfg = Release|Any CPU
		{27C5E2BB-2336-414C-B0DD-D4C538284A08}.Release|Any CPU.Build.0 = Release|Any CPU
		{27C5E2BB-2336-414C-B0DD-D4C538284A08}.Release|x64.ActiveCfg = Release|Any CPU
		{27C5E2BB-2336-414C-B0DD-D4C538284A08}.Release|x64.Build.0 = Release|Any CPU
		{27C5E2BB-2336-414C-B0DD-D4C538284A08}.Release|x86.ActiveCfg = Release|Any CPU
		{27C5E2BB-2336-414C-B0DD-D4C538284A08}.Release|x86.Build.0 = Release|Any CPU
		{1DC574FF-6519-4EED-98AA-8C04B9750B55}.Debug|Any CPU.ActiveCfg = Debug|Any CPU
		{1DC574FF-6519-4EED-98AA-8C04B9750B55}.Debug|Any CPU.Build.0 = Debug|Any CPU
		{1DC574FF-6519-4EED-98AA-8C04B9750B55}.Debug|x64.ActiveCfg = Debug|Any CPU
		{1DC574FF-6519-4EED-98AA-8C04B9750B55}.Debug|x64.Build.0 = Debug|Any CPU
		{1DC574FF-6519-4EED-98AA-8C04B9750B55}.Debug|x86.ActiveCfg = Debug|Any CPU
		{1DC574FF-6519-4EED-98AA-8C04B9750B55}.Debug|x86.Build.0 = Debug|Any CPU
		{1DC574FF-6519-4EED-98AA-8C04B9750B55}.Release|Any CPU.ActiveCfg = Release|Any CPU
		{1DC574FF-6519-4EED-98AA-8C04B9750B55}.Release|Any CPU.Build.0 = Release|Any CPU
		{1DC574FF-6519-4EED-98AA-8C04B9750B55}.Release|x64.ActiveCfg = Release|Any CPU
		{1DC574FF-6519-4EED-98AA-8C04B9750B55}.Release|x64.Build.0 = Release|Any CPU
		{1DC574FF-6519-4EED-98AA-8C04B9750B55}.Release|x86.ActiveCfg = Release|Any CPU
		{1DC574FF-6519-4EED-98AA-8C04B9750B55}.Release|x86.Build.0 = Release|Any CPU
	EndGlobalSection
	GlobalSection(NestedProjects) = preSolution
		{B743B9A7-78C6-4FEB-ADDD-19B27F542340} = {F84DCF8A-FC1A-4677-AF4D-616AD7DB3470}
		{B56110F0-2D27-4718-8C80-E7FDE3439A63} = {F84DCF8A-FC1A-4677-AF4D-616AD7DB3470}
		{8F1A0074-C392-4975-8020-55176D9CB0B5} = {F84DCF8A-FC1A-4677-AF4D-616AD7DB3470}
		{421A995B-E59D-4748-9AA9-4D93F3BD8FC6} = {0B766253-22E1-4968-9885-30F04F443F21}
		{2A1265C0-A354-4E4D-943B-C140EAC3478D} = {0B766253-22E1-4968-9885-30F04F443F21}
		{27C5E2BB-2336-414C-B0DD-D4C538284A08} = {E68A5866-4407-4797-B9E9-15917760B4E5}
		{1DC574FF-6519-4EED-98AA-8C04B9750B55} = {E68A5866-4407-4797-B9E9-15917760B4E5}
	EndGlobalSection
EndGlobal
