
Microsoft Visual Studio Solution File, Format Version 12.00
# Visual Studio 15
VisualStudioVersion = 15.0.26124.0
MinimumVisualStudioVersion = 15.0.26124.0
Project("{2150E333-8FDC-42A3-9474-1A3956D46DE8}") = ".paket", ".paket", "{62D91387-5118-4EF5-8900-FF0D77B377C0}"
	ProjectSection(SolutionItems) = preProject
		paket.dependencies = paket.dependencies
		paket.lock = paket.lock
	EndProjectSection
EndProject
Project("{2150E333-8FDC-42A3-9474-1A3956D46DE8}") = "Solution Items", "Solution Items", "{08CCFCF6-2248-43ED-A6EF-E972A2DA0E6A}"
	ProjectSection(SolutionItems) = preProject
		package.json = package.json
		README.md = README.md
	EndProjectSection
EndProject
Project("{2150E333-8FDC-42A3-9474-1A3956D46DE8}") = "src", "src", "{6730F8AA-A2DE-460B-82DC-A85BFB99F8EA}"
EndProject
Project("{F2A71F9B-5D33-465A-A702-920D77279786}") = "Client", "src\Client\Client.fsproj", "{CEFCED1C-33C2-4440-B560-EB1C93B2887A}"
EndProject
Project("{2150E333-8FDC-42A3-9474-1A3956D46DE8}") = "paket-files", "paket-files", "{94998680-133D-4296-B9B5-6497B2D55D4F}"
EndProject
Project("{2150E333-8FDC-42A3-9474-1A3956D46DE8}") = "github.com", "github.com", "{302C13D7-04FB-45DF-9951-6C1A069098DF}"
EndProject
Project("{2150E333-8FDC-42A3-9474-1A3956D46DE8}") = "mrakgr", "mrakgr", "{A8008ECB-0976-42B1-A6E9-29FE3D7757A0}"
EndProject
Project("{2150E333-8FDC-42A3-9474-1A3956D46DE8}") = "Rebuild.Fable.SignalR", "Rebuild.Fable.SignalR", "{98DE21BA-2482-41E7-964C-171B0A50E9AA}"
EndProject
Project("{2150E333-8FDC-42A3-9474-1A3956D46DE8}") = "src", "src", "{9A1D875E-E087-49E9-B096-DF4C56EDE1DD}"
EndProject
Project("{F2A71F9B-5D33-465A-A702-920D77279786}") = "Fable.SignalR", "paket-files\github.com\mrakgr\Rebuild.Fable.SignalR\src\Fable.SignalR\Fable.SignalR.fsproj", "{D5183E18-599F-4D91-A5B2-3BAC809041A4}"
EndProject
Project("{F2A71F9B-5D33-465A-A702-920D77279786}") = "Fable.SignalR.AspNetCore", "paket-files\github.com\mrakgr\Rebuild.Fable.SignalR\src\Fable.SignalR.AspNetCore\Fable.SignalR.AspNetCore.fsproj", "{91BF21EB-C1B5-4E94-B7F8-8C006DA44FC6}"
EndProject
Project("{F2A71F9B-5D33-465A-A702-920D77279786}") = "Fable.SignalR.Dotnet", "paket-files\github.com\mrakgr\Rebuild.Fable.SignalR\src\Fable.SignalR.Dotnet\Fable.SignalR.Dotnet.fsproj", "{8B01B4C7-77A7-48F9-9297-D1B5346BDCCE}"
EndProject
Project("{F2A71F9B-5D33-465A-A702-920D77279786}") = "Fable.SignalR.DotNet.Elmish", "paket-files\github.com\mrakgr\Rebuild.Fable.SignalR\src\Fable.SignalR.DotNet.Elmish\Fable.SignalR.DotNet.Elmish.fsproj", "{3F0E1AA9-A7C5-479A-8598-5A0EF362B28C}"
EndProject
Project("{F2A71F9B-5D33-465A-A702-920D77279786}") = "Fable.SignalR.Elmish", "paket-files\github.com\mrakgr\Rebuild.Fable.SignalR\src\Fable.SignalR.Elmish\Fable.SignalR.Elmish.fsproj", "{6AA1F08C-2FE0-473A-A791-C36E7DE9CBAC}"
EndProject
Project("{F2A71F9B-5D33-465A-A702-920D77279786}") = "Fable.SignalR.Feliz", "paket-files\github.com\mrakgr\Rebuild.Fable.SignalR\src\Fable.SignalR.Feliz\Fable.SignalR.Feliz.fsproj", "{D6A80EBE-2612-4CA3-A185-17240BDA4E20}"
EndProject
Project("{F2A71F9B-5D33-465A-A702-920D77279786}") = "Fable.SignalR.Saturn", "paket-files\github.com\mrakgr\Rebuild.Fable.SignalR\src\Fable.SignalR.Saturn\Fable.SignalR.Saturn.fsproj", "{272F2336-2590-49DE-A736-A469E6931174}"
EndProject
Project("{F2A71F9B-5D33-465A-A702-920D77279786}") = "Fable.SignalR.Shared", "paket-files\github.com\mrakgr\Rebuild.Fable.SignalR\src\Fable.SignalR.Shared\Fable.SignalR.Shared.fsproj", "{C040C9DA-206D-4258-B1B1-AC460E3B0D07}"
EndProject
Global
	GlobalSection(SolutionConfigurationPlatforms) = preSolution
		Debug|Any CPU = Debug|Any CPU
		Debug|x64 = Debug|x64
		Debug|x86 = Debug|x86
		Release|Any CPU = Release|Any CPU
		Release|x64 = Release|x64
		Release|x86 = Release|x86
	EndGlobalSection
	GlobalSection(SolutionProperties) = preSolution
		HideSolutionNode = FALSE
	EndGlobalSection
	GlobalSection(ProjectConfigurationPlatforms) = postSolution
		{CEFCED1C-33C2-4440-B560-EB1C93B2887A}.Debug|Any CPU.ActiveCfg = Debug|Any CPU
		{CEFCED1C-33C2-4440-B560-EB1C93B2887A}.Debug|Any CPU.Build.0 = Debug|Any CPU
		{CEFCED1C-33C2-4440-B560-EB1C93B2887A}.Debug|x64.ActiveCfg = Debug|Any CPU
		{CEFCED1C-33C2-4440-B560-EB1C93B2887A}.Debug|x64.Build.0 = Debug|Any CPU
		{CEFCED1C-33C2-4440-B560-EB1C93B2887A}.Debug|x86.ActiveCfg = Debug|Any CPU
		{CEFCED1C-33C2-4440-B560-EB1C93B2887A}.Debug|x86.Build.0 = Debug|Any CPU
		{CEFCED1C-33C2-4440-B560-EB1C93B2887A}.Release|Any CPU.ActiveCfg = Release|Any CPU
		{CEFCED1C-33C2-4440-B560-EB1C93B2887A}.Release|Any CPU.Build.0 = Release|Any CPU
		{CEFCED1C-33C2-4440-B560-EB1C93B2887A}.Release|x64.ActiveCfg = Release|Any CPU
		{CEFCED1C-33C2-4440-B560-EB1C93B2887A}.Release|x64.Build.0 = Release|Any CPU
		{CEFCED1C-33C2-4440-B560-EB1C93B2887A}.Release|x86.ActiveCfg = Release|Any CPU
		{CEFCED1C-33C2-4440-B560-EB1C93B2887A}.Release|x86.Build.0 = Release|Any CPU
		{D5183E18-599F-4D91-A5B2-3BAC809041A4}.Debug|Any CPU.ActiveCfg = Debug|Any CPU
		{D5183E18-599F-4D91-A5B2-3BAC809041A4}.Debug|Any CPU.Build.0 = Debug|Any CPU
		{D5183E18-599F-4D91-A5B2-3BAC809041A4}.Debug|x64.ActiveCfg = Debug|Any CPU
		{D5183E18-599F-4D91-A5B2-3BAC809041A4}.Debug|x64.Build.0 = Debug|Any CPU
		{D5183E18-599F-4D91-A5B2-3BAC809041A4}.Debug|x86.ActiveCfg = Debug|Any CPU
		{D5183E18-599F-4D91-A5B2-3BAC809041A4}.Debug|x86.Build.0 = Debug|Any CPU
		{D5183E18-599F-4D91-A5B2-3BAC809041A4}.Release|Any CPU.ActiveCfg = Release|Any CPU
		{D5183E18-599F-4D91-A5B2-3BAC809041A4}.Release|Any CPU.Build.0 = Release|Any CPU
		{D5183E18-599F-4D91-A5B2-3BAC809041A4}.Release|x64.ActiveCfg = Release|Any CPU
		{D5183E18-599F-4D91-A5B2-3BAC809041A4}.Release|x64.Build.0 = Release|Any CPU
		{D5183E18-599F-4D91-A5B2-3BAC809041A4}.Release|x86.ActiveCfg = Release|Any CPU
		{D5183E18-599F-4D91-A5B2-3BAC809041A4}.Release|x86.Build.0 = Release|Any CPU
		{91BF21EB-C1B5-4E94-B7F8-8C006DA44FC6}.Debug|Any CPU.ActiveCfg = Debug|Any CPU
		{91BF21EB-C1B5-4E94-B7F8-8C006DA44FC6}.Debug|Any CPU.Build.0 = Debug|Any CPU
		{91BF21EB-C1B5-4E94-B7F8-8C006DA44FC6}.Debug|x64.ActiveCfg = Debug|Any CPU
		{91BF21EB-C1B5-4E94-B7F8-8C006DA44FC6}.Debug|x64.Build.0 = Debug|Any CPU
		{91BF21EB-C1B5-4E94-B7F8-8C006DA44FC6}.Debug|x86.ActiveCfg = Debug|Any CPU
		{91BF21EB-C1B5-4E94-B7F8-8C006DA44FC6}.Debug|x86.Build.0 = Debug|Any CPU
		{91BF21EB-C1B5-4E94-B7F8-8C006DA44FC6}.Release|Any CPU.ActiveCfg = Release|Any CPU
		{91BF21EB-C1B5-4E94-B7F8-8C006DA44FC6}.Release|Any CPU.Build.0 = Release|Any CPU
		{91BF21EB-C1B5-4E94-B7F8-8C006DA44FC6}.Release|x64.ActiveCfg = Release|Any CPU
		{91BF21EB-C1B5-4E94-B7F8-8C006DA44FC6}.Release|x64.Build.0 = Release|Any CPU
		{91BF21EB-C1B5-4E94-B7F8-8C006DA44FC6}.Release|x86.ActiveCfg = Release|Any CPU
		{91BF21EB-C1B5-4E94-B7F8-8C006DA44FC6}.Release|x86.Build.0 = Release|Any CPU
		{8B01B4C7-77A7-48F9-9297-D1B5346BDCCE}.Debug|Any CPU.ActiveCfg = Debug|Any CPU
		{8B01B4C7-77A7-48F9-9297-D1B5346BDCCE}.Debug|Any CPU.Build.0 = Debug|Any CPU
		{8B01B4C7-77A7-48F9-9297-D1B5346BDCCE}.Debug|x64.ActiveCfg = Debug|Any CPU
		{8B01B4C7-77A7-48F9-9297-D1B5346BDCCE}.Debug|x64.Build.0 = Debug|Any CPU
		{8B01B4C7-77A7-48F9-9297-D1B5346BDCCE}.Debug|x86.ActiveCfg = Debug|Any CPU
		{8B01B4C7-77A7-48F9-9297-D1B5346BDCCE}.Debug|x86.Build.0 = Debug|Any CPU
		{8B01B4C7-77A7-48F9-9297-D1B5346BDCCE}.Release|Any CPU.ActiveCfg = Release|Any CPU
		{8B01B4C7-77A7-48F9-9297-D1B5346BDCCE}.Release|Any CPU.Build.0 = Release|Any CPU
		{8B01B4C7-77A7-48F9-9297-D1B5346BDCCE}.Release|x64.ActiveCfg = Release|Any CPU
		{8B01B4C7-77A7-48F9-9297-D1B5346BDCCE}.Release|x64.Build.0 = Release|Any CPU
		{8B01B4C7-77A7-48F9-9297-D1B5346BDCCE}.Release|x86.ActiveCfg = Release|Any CPU
		{8B01B4C7-77A7-48F9-9297-D1B5346BDCCE}.Release|x86.Build.0 = Release|Any CPU
		{3F0E1AA9-A7C5-479A-8598-5A0EF362B28C}.Debug|Any CPU.ActiveCfg = Debug|Any CPU
		{3F0E1AA9-A7C5-479A-8598-5A0EF362B28C}.Debug|Any CPU.Build.0 = Debug|Any CPU
		{3F0E1AA9-A7C5-479A-8598-5A0EF362B28C}.Debug|x64.ActiveCfg = Debug|Any CPU
		{3F0E1AA9-A7C5-479A-8598-5A0EF362B28C}.Debug|x64.Build.0 = Debug|Any CPU
		{3F0E1AA9-A7C5-479A-8598-5A0EF362B28C}.Debug|x86.ActiveCfg = Debug|Any CPU
		{3F0E1AA9-A7C5-479A-8598-5A0EF362B28C}.Debug|x86.Build.0 = Debug|Any CPU
		{3F0E1AA9-A7C5-479A-8598-5A0EF362B28C}.Release|Any CPU.ActiveCfg = Release|Any CPU
		{3F0E1AA9-A7C5-479A-8598-5A0EF362B28C}.Release|Any CPU.Build.0 = Release|Any CPU
		{3F0E1AA9-A7C5-479A-8598-5A0EF362B28C}.Release|x64.ActiveCfg = Release|Any CPU
		{3F0E1AA9-A7C5-479A-8598-5A0EF362B28C}.Release|x64.Build.0 = Release|Any CPU
		{3F0E1AA9-A7C5-479A-8598-5A0EF362B28C}.Release|x86.ActiveCfg = Release|Any CPU
		{3F0E1AA9-A7C5-479A-8598-5A0EF362B28C}.Release|x86.Build.0 = Release|Any CPU
		{6AA1F08C-2FE0-473A-A791-C36E7DE9CBAC}.Debug|Any CPU.ActiveCfg = Debug|Any CPU
		{6AA1F08C-2FE0-473A-A791-C36E7DE9CBAC}.Debug|Any CPU.Build.0 = Debug|Any CPU
		{6AA1F08C-2FE0-473A-A791-C36E7DE9CBAC}.Debug|x64.ActiveCfg = Debug|Any CPU
		{6AA1F08C-2FE0-473A-A791-C36E7DE9CBAC}.Debug|x64.Build.0 = Debug|Any CPU
		{6AA1F08C-2FE0-473A-A791-C36E7DE9CBAC}.Debug|x86.ActiveCfg = Debug|Any CPU
		{6AA1F08C-2FE0-473A-A791-C36E7DE9CBAC}.Debug|x86.Build.0 = Debug|Any CPU
		{6AA1F08C-2FE0-473A-A791-C36E7DE9CBAC}.Release|Any CPU.ActiveCfg = Release|Any CPU
		{6AA1F08C-2FE0-473A-A791-C36E7DE9CBAC}.Release|Any CPU.Build.0 = Release|Any CPU
		{6AA1F08C-2FE0-473A-A791-C36E7DE9CBAC}.Release|x64.ActiveCfg = Release|Any CPU
		{6AA1F08C-2FE0-473A-A791-C36E7DE9CBAC}.Release|x64.Build.0 = Release|Any CPU
		{6AA1F08C-2FE0-473A-A791-C36E7DE9CBAC}.Release|x86.ActiveCfg = Release|Any CPU
		{6AA1F08C-2FE0-473A-A791-C36E7DE9CBAC}.Release|x86.Build.0 = Release|Any CPU
		{D6A80EBE-2612-4CA3-A185-17240BDA4E20}.Debug|Any CPU.ActiveCfg = Debug|Any CPU
		{D6A80EBE-2612-4CA3-A185-17240BDA4E20}.Debug|Any CPU.Build.0 = Debug|Any CPU
		{D6A80EBE-2612-4CA3-A185-17240BDA4E20}.Debug|x64.ActiveCfg = Debug|Any CPU
		{D6A80EBE-2612-4CA3-A185-17240BDA4E20}.Debug|x64.Build.0 = Debug|Any CPU
		{D6A80EBE-2612-4CA3-A185-17240BDA4E20}.Debug|x86.ActiveCfg = Debug|Any CPU
		{D6A80EBE-2612-4CA3-A185-17240BDA4E20}.Debug|x86.Build.0 = Debug|Any CPU
		{D6A80EBE-2612-4CA3-A185-17240BDA4E20}.Release|Any CPU.ActiveCfg = Release|Any CPU
		{D6A80EBE-2612-4CA3-A185-17240BDA4E20}.Release|Any CPU.Build.0 = Release|Any CPU
		{D6A80EBE-2612-4CA3-A185-17240BDA4E20}.Release|x64.ActiveCfg = Release|Any CPU
		{D6A80EBE-2612-4CA3-A185-17240BDA4E20}.Release|x64.Build.0 = Release|Any CPU
		{D6A80EBE-2612-4CA3-A185-17240BDA4E20}.Release|x86.ActiveCfg = Release|Any CPU
		{D6A80EBE-2612-4CA3-A185-17240BDA4E20}.Release|x86.Build.0 = Release|Any CPU
		{272F2336-2590-49DE-A736-A469E6931174}.Debug|Any CPU.ActiveCfg = Debug|Any CPU
		{272F2336-2590-49DE-A736-A469E6931174}.Debug|Any CPU.Build.0 = Debug|Any CPU
		{272F2336-2590-49DE-A736-A469E6931174}.Debug|x64.ActiveCfg = Debug|Any CPU
		{272F2336-2590-49DE-A736-A469E6931174}.Debug|x64.Build.0 = Debug|Any CPU
		{272F2336-2590-49DE-A736-A469E6931174}.Debug|x86.ActiveCfg = Debug|Any CPU
		{272F2336-2590-49DE-A736-A469E6931174}.Debug|x86.Build.0 = Debug|Any CPU
		{272F2336-2590-49DE-A736-A469E6931174}.Release|Any CPU.ActiveCfg = Release|Any CPU
		{272F2336-2590-49DE-A736-A469E6931174}.Release|Any CPU.Build.0 = Release|Any CPU
		{272F2336-2590-49DE-A736-A469E6931174}.Release|x64.ActiveCfg = Release|Any CPU
		{272F2336-2590-49DE-A736-A469E6931174}.Release|x64.Build.0 = Release|Any CPU
		{272F2336-2590-49DE-A736-A469E6931174}.Release|x86.ActiveCfg = Release|Any CPU
		{272F2336-2590-49DE-A736-A469E6931174}.Release|x86.Build.0 = Release|Any CPU
		{C040C9DA-206D-4258-B1B1-AC460E3B0D07}.Debug|Any CPU.ActiveCfg = Debug|Any CPU
		{C040C9DA-206D-4258-B1B1-AC460E3B0D07}.Debug|Any CPU.Build.0 = Debug|Any CPU
		{C040C9DA-206D-4258-B1B1-AC460E3B0D07}.Debug|x64.ActiveCfg = Debug|Any CPU
		{C040C9DA-206D-4258-B1B1-AC460E3B0D07}.Debug|x64.Build.0 = Debug|Any CPU
		{C040C9DA-206D-4258-B1B1-AC460E3B0D07}.Debug|x86.ActiveCfg = Debug|Any CPU
		{C040C9DA-206D-4258-B1B1-AC460E3B0D07}.Debug|x86.Build.0 = Debug|Any CPU
		{C040C9DA-206D-4258-B1B1-AC460E3B0D07}.Release|Any CPU.ActiveCfg = Release|Any CPU
		{C040C9DA-206D-4258-B1B1-AC460E3B0D07}.Release|Any CPU.Build.0 = Release|Any CPU
		{C040C9DA-206D-4258-B1B1-AC460E3B0D07}.Release|x64.ActiveCfg = Release|Any CPU
		{C040C9DA-206D-4258-B1B1-AC460E3B0D07}.Release|x64.Build.0 = Release|Any CPU
		{C040C9DA-206D-4258-B1B1-AC460E3B0D07}.Release|x86.ActiveCfg = Release|Any CPU
		{C040C9DA-206D-4258-B1B1-AC460E3B0D07}.Release|x86.Build.0 = Release|Any CPU
	EndGlobalSection
	GlobalSection(NestedProjects) = preSolution
		{CEFCED1C-33C2-4440-B560-EB1C93B2887A} = {6730F8AA-A2DE-460B-82DC-A85BFB99F8EA}
		{302C13D7-04FB-45DF-9951-6C1A069098DF} = {94998680-133D-4296-B9B5-6497B2D55D4F}
		{A8008ECB-0976-42B1-A6E9-29FE3D7757A0} = {302C13D7-04FB-45DF-9951-6C1A069098DF}
		{98DE21BA-2482-41E7-964C-171B0A50E9AA} = {A8008ECB-0976-42B1-A6E9-29FE3D7757A0}
		{9A1D875E-E087-49E9-B096-DF4C56EDE1DD} = {98DE21BA-2482-41E7-964C-171B0A50E9AA}
		{D5183E18-599F-4D91-A5B2-3BAC809041A4} = {9A1D875E-E087-49E9-B096-DF4C56EDE1DD}
		{91BF21EB-C1B5-4E94-B7F8-8C006DA44FC6} = {9A1D875E-E087-49E9-B096-DF4C56EDE1DD}
		{8B01B4C7-77A7-48F9-9297-D1B5346BDCCE} = {9A1D875E-E087-49E9-B096-DF4C56EDE1DD}
		{3F0E1AA9-A7C5-479A-8598-5A0EF362B28C} = {9A1D875E-E087-49E9-B096-DF4C56EDE1DD}
		{6AA1F08C-2FE0-473A-A791-C36E7DE9CBAC} = {9A1D875E-E087-49E9-B096-DF4C56EDE1DD}
		{D6A80EBE-2612-4CA3-A185-17240BDA4E20} = {9A1D875E-E087-49E9-B096-DF4C56EDE1DD}
		{272F2336-2590-49DE-A736-A469E6931174} = {9A1D875E-E087-49E9-B096-DF4C56EDE1DD}
		{C040C9DA-206D-4258-B1B1-AC460E3B0D07} = {9A1D875E-E087-49E9-B096-DF4C56EDE1DD}
	EndGlobalSection
EndGlobal
