
Microsoft Visual Studio Solution File, Format Version 12.00
Project("{F2A71F9B-5D33-465A-A702-920D77279786}") = "Fun", "Fun\Fun.fsproj", "{536D1E32-43F3-4252-B3D0-FEAFB26E1111}"
EndProject
Project("{FAE04EC0-301F-11D3-BF4B-00C04F79EFBC}") = "UI", "UI\UI.csproj", "{349C097E-497B-4102-B8F4-2588CEDC3F99}"
EndProject
Global
	GlobalSection(SolutionConfigurationPlatforms) = preSolution
		Debug|Any CPU = Debug|Any CPU
		Release|Any CPU = Release|Any CPU
	EndGlobalSection
	GlobalSection(ProjectConfigurationPlatforms) = postSolution
		{536D1E32-43F3-4252-B3D0-FEAFB26E1111}.Debug|Any CPU.ActiveCfg = Debug|Any CPU
		{536D1E32-43F3-4252-B3D0-FEAFB26E1111}.Debug|Any CPU.Build.0 = Debug|Any CPU
		{536D1E32-43F3-4252-B3D0-FEAFB26E1111}.Release|Any CPU.ActiveCfg = Release|Any CPU
		{536D1E32-43F3-4252-B3D0-FEAFB26E1111}.Release|Any CPU.Build.0 = Release|Any CPU
		{349C097E-497B-4102-B8F4-2588CEDC3F99}.Debug|Any CPU.ActiveCfg = Debug|Any CPU
		{349C097E-497B-4102-B8F4-2588CEDC3F99}.Debug|Any CPU.Build.0 = Debug|Any CPU
		{349C097E-497B-4102-B8F4-2588CEDC3F99}.Release|Any CPU.ActiveCfg = Release|Any CPU
		{349C097E-497B-4102-B8F4-2588CEDC3F99}.Release|Any CPU.Build.0 = Release|Any CPU
	EndGlobalSection
EndGlobal
